
Microsoft Visual Studio Solution File, Format Version 12.00
# Visual Studio 14
VisualStudioVersion = 14.0.25420.1
MinimumVisualStudioVersion = 10.0.40219.1
Project("{FAE04EC0-301F-11D3-BF4B-00C04F79EFBC}") = "CinemaReservation", "CinemaReservation\CinemaReservation.csproj", "{A78C6149-7C3A-4379-B3DA-562BD85D7003}"
EndProject
Project("{FAE04EC0-301F-11D3-BF4B-00C04F79EFBC}") = "CinemaReservation.Tests", "CinemaReservation.Tests\CinemaReservation.Tests.csproj", "{B96533F8-9BF0-42B0-AD9F-962CD2E1155E}"
EndProject
Global
	GlobalSection(SolutionConfigurationPlatforms) = preSolution
		Debug|Any CPU = Debug|Any CPU
		Release|Any CPU = Release|Any CPU
	EndGlobalSection
	GlobalSection(ProjectConfigurationPlatforms) = postSolution
		{A78C6149-7C3A-4379-B3DA-562BD85D7003}.Debug|Any CPU.ActiveCfg = Debug|Any CPU
		{A78C6149-7C3A-4379-B3DA-562BD85D7003}.Debug|Any CPU.Build.0 = Debug|Any CPU
		{A78C6149-7C3A-4379-B3DA-562BD85D7003}.Release|Any CPU.ActiveCfg = Release|Any CPU
		{A78C6149-7C3A-4379-B3DA-562BD85D7003}.Release|Any CPU.Build.0 = Release|Any CPU
		{B96533F8-9BF0-42B0-AD9F-962CD2E1155E}.Debug|Any CPU.ActiveCfg = Debug|Any CPU
		{B96533F8-9BF0-42B0-AD9F-962CD2E1155E}.Debug|Any CPU.Build.0 = Debug|Any CPU
		{B96533F8-9BF0-42B0-AD9F-962CD2E1155E}.Release|Any CPU.ActiveCfg = Release|Any CPU
		{B96533F8-9BF0-42B0-AD9F-962CD2E1155E}.Release|Any CPU.Build.0 = Release|Any CPU
	EndGlobalSection
	GlobalSection(SolutionProperties) = preSolution
		HideSolutionNode = FALSE
	EndGlobalSection
EndGlobal
